
Microsoft Visual Studio Solution File, Format Version 12.00
# Visual Studio Version 17
VisualStudioVersion = 17.4.33205.214
MinimumVisualStudioVersion = 10.0.40219.1
Project("{FAE04EC0-301F-11D3-BF4B-00C04F79EFBC}") = "app-licenta-backend", "app-licenta-backend\app-licenta-backend.csproj", "{02F57A2A-16C6-444B-BC25-B77D0C5D2325}"
EndProject
Global
	GlobalSection(SolutionConfigurationPlatforms) = preSolution
		Debug|Any CPU = Debug|Any CPU
		Release|Any CPU = Release|Any CPU
	EndGlobalSection
	GlobalSection(ProjectConfigurationPlatforms) = postSolution
		{02F57A2A-16C6-444B-BC25-B77D0C5D2325}.Debug|Any CPU.ActiveCfg = Debug|Any CPU
		{02F57A2A-16C6-444B-BC25-B77D0C5D2325}.Debug|Any CPU.Build.0 = Debug|Any CPU
		{02F57A2A-16C6-444B-BC25-B77D0C5D2325}.Release|Any CPU.ActiveCfg = Release|Any CPU
		{02F57A2A-16C6-444B-BC25-B77D0C5D2325}.Release|Any CPU.Build.0 = Release|Any CPU
	EndGlobalSection
	GlobalSection(SolutionProperties) = preSolution
		HideSolutionNode = FALSE
	EndGlobalSection
	GlobalSection(ExtensibilityGlobals) = postSolution
		SolutionGuid = {32F308AD-40FC-4C5F-9672-7D536F3E1F35}
	EndGlobalSection
EndGlobal
